// !$*UTF8*$!
{
	archiveVersion = 1;
	classes = {
	};
	objectVersion = 50;
	objects = {

/* Begin PBXBuildFile section */
		1523BA1024BC84F1000D02B5 /* AppDelegate.swift in Sources */ = {isa = PBXBuildFile; fileRef = 1523BA0F24BC84F1000D02B5 /* AppDelegate.swift */; };
		1523BA1224BC84F1000D02B5 /* SceneDelegate.swift in Sources */ = {isa = PBXBuildFile; fileRef = 1523BA1124BC84F1000D02B5 /* SceneDelegate.swift */; };
		1523BA1424BC84F1000D02B5 /* ContentView.swift in Sources */ = {isa = PBXBuildFile; fileRef = 1523BA1324BC84F1000D02B5 /* ContentView.swift */; };
		1523BA1624BC84F4000D02B5 /* Assets.xcassets in Resources */ = {isa = PBXBuildFile; fileRef = 1523BA1524BC84F4000D02B5 /* Assets.xcassets */; };
		1523BA1924BC84F4000D02B5 /* Preview Assets.xcassets in Resources */ = {isa = PBXBuildFile; fileRef = 1523BA1824BC84F4000D02B5 /* Preview Assets.xcassets */; };
		1523BA1C24BC84F4000D02B5 /* LaunchScreen.storyboard in Resources */ = {isa = PBXBuildFile; fileRef = 1523BA1A24BC84F4000D02B5 /* LaunchScreen.storyboard */; };
		1523BA2724BC84F4000D02B5 /* test_create_new_repositoryTests.swift in Sources */ = {isa = PBXBuildFile; fileRef = 1523BA2624BC84F4000D02B5 /* test_create_new_repositoryTests.swift */; };
		1523BA3224BC84F4000D02B5 /* test_create_new_repositoryUITests.swift in Sources */ = {isa = PBXBuildFile; fileRef = 1523BA3124BC84F4000D02B5 /* test_create_new_repositoryUITests.swift */; };
/* End PBXBuildFile section */

/* Begin PBXContainerItemProxy section */
		1523BA2324BC84F4000D02B5 /* PBXContainerItemProxy */ = {
			isa = PBXContainerItemProxy;
			containerPortal = 1523BA0424BC84F1000D02B5 /* Project object */;
			proxyType = 1;
			remoteGlobalIDString = 1523BA0B24BC84F1000D02B5;
			remoteInfo = test_create_new_repository;
		};
		1523BA2E24BC84F4000D02B5 /* PBXContainerItemProxy */ = {
			isa = PBXContainerItemProxy;
			containerPortal = 1523BA0424BC84F1000D02B5 /* Project object */;
			proxyType = 1;
			remoteGlobalIDString = 1523BA0B24BC84F1000D02B5;
			remoteInfo = test_create_new_repository;
		};
/* End PBXContainerItemProxy section */

/* Begin PBXFileReference section */
		1523BA0C24BC84F1000D02B5 /* test_create_new_repository.app */ = {isa = PBXFileReference; explicitFileType = wrapper.application; includeInIndex = 0; path = test_create_new_repository.app; sourceTree = BUILT_PRODUCTS_DIR; };
		1523BA0F24BC84F1000D02B5 /* AppDelegate.swift */ = {isa = PBXFileReference; lastKnownFileType = sourcecode.swift; path = AppDelegate.swift; sourceTree = "<group>"; };
		1523BA1124BC84F1000D02B5 /* SceneDelegate.swift */ = {isa = PBXFileReference; lastKnownFileType = sourcecode.swift; path = SceneDelegate.swift; sourceTree = "<group>"; };
		1523BA1324BC84F1000D02B5 /* ContentView.swift */ = {isa = PBXFileReference; lastKnownFileType = sourcecode.swift; path = ContentView.swift; sourceTree = "<group>"; };
		1523BA1524BC84F4000D02B5 /* Assets.xcassets */ = {isa = PBXFileReference; lastKnownFileType = folder.assetcatalog; path = Assets.xcassets; sourceTree = "<group>"; };
		1523BA1824BC84F4000D02B5 /* Preview Assets.xcassets */ = {isa = PBXFileReference; lastKnownFileType = folder.assetcatalog; path = "Preview Assets.xcassets"; sourceTree = "<group>"; };
		1523BA1B24BC84F4000D02B5 /* Base */ = {isa = PBXFileReference; lastKnownFileType = file.storyboard; name = Base; path = Base.lproj/LaunchScreen.storyboard; sourceTree = "<group>"; };
		1523BA1D24BC84F4000D02B5 /* Info.plist */ = {isa = PBXFileReference; lastKnownFileType = text.plist.xml; path = Info.plist; sourceTree = "<group>"; };
		1523BA2224BC84F4000D02B5 /* test_create_new_repositoryTests.xctest */ = {isa = PBXFileReference; explicitFileType = wrapper.cfbundle; includeInIndex = 0; path = test_create_new_repositoryTests.xctest; sourceTree = BUILT_PRODUCTS_DIR; };
		1523BA2624BC84F4000D02B5 /* test_create_new_repositoryTests.swift */ = {isa = PBXFileReference; lastKnownFileType = sourcecode.swift; path = test_create_new_repositoryTests.swift; sourceTree = "<group>"; };
		1523BA2824BC84F4000D02B5 /* Info.plist */ = {isa = PBXFileReference; lastKnownFileType = text.plist.xml; path = Info.plist; sourceTree = "<group>"; };
		1523BA2D24BC84F4000D02B5 /* test_create_new_repositoryUITests.xctest */ = {isa = PBXFileReference; explicitFileType = wrapper.cfbundle; includeInIndex = 0; path = test_create_new_repositoryUITests.xctest; sourceTree = BUILT_PRODUCTS_DIR; };
		1523BA3124BC84F4000D02B5 /* test_create_new_repositoryUITests.swift */ = {isa = PBXFileReference; lastKnownFileType = sourcecode.swift; path = test_create_new_repositoryUITests.swift; sourceTree = "<group>"; };
		1523BA3324BC84F4000D02B5 /* Info.plist */ = {isa = PBXFileReference; lastKnownFileType = text.plist.xml; path = Info.plist; sourceTree = "<group>"; };
/* End PBXFileReference section */

/* Begin PBXFrameworksBuildPhase section */
		1523BA0924BC84F1000D02B5 /* Frameworks */ = {
			isa = PBXFrameworksBuildPhase;
			buildActionMask = 2147483647;
			files = (
			);
			runOnlyForDeploymentPostprocessing = 0;
		};
		1523BA1F24BC84F4000D02B5 /* Frameworks */ = {
			isa = PBXFrameworksBuildPhase;
			buildActionMask = 2147483647;
			files = (
			);
			runOnlyForDeploymentPostprocessing = 0;
		};
		1523BA2A24BC84F4000D02B5 /* Frameworks */ = {
			isa = PBXFrameworksBuildPhase;
			buildActionMask = 2147483647;
			files = (
			);
			runOnlyForDeploymentPostprocessing = 0;
		};
/* End PBXFrameworksBuildPhase section */

/* Begin PBXGroup section */
		1523BA0324BC84F1000D02B5 = {
			isa = PBXGroup;
			children = (
				1523BA0E24BC84F1000D02B5 /* test_create_new_repository */,
				1523BA2524BC84F4000D02B5 /* test_create_new_repositoryTests */,
				1523BA3024BC84F4000D02B5 /* test_create_new_repositoryUITests */,
				1523BA0D24BC84F1000D02B5 /* Products */,
			);
			sourceTree = "<group>";
		};
		1523BA0D24BC84F1000D02B5 /* Products */ = {
			isa = PBXGroup;
			children = (
				1523BA0C24BC84F1000D02B5 /* test_create_new_repository.app */,
				1523BA2224BC84F4000D02B5 /* test_create_new_repositoryTests.xctest */,
				1523BA2D24BC84F4000D02B5 /* test_create_new_repositoryUITests.xctest */,
			);
			name = Products;
			sourceTree = "<group>";
		};
		1523BA0E24BC84F1000D02B5 /* test_create_new_repository */ = {
			isa = PBXGroup;
			children = (
				1523BA0F24BC84F1000D02B5 /* AppDelegate.swift */,
				1523BA1124BC84F1000D02B5 /* SceneDelegate.swift */,
				1523BA1324BC84F1000D02B5 /* ContentView.swift */,
				1523BA1524BC84F4000D02B5 /* Assets.xcassets */,
				1523BA1A24BC84F4000D02B5 /* LaunchScreen.storyboard */,
				1523BA1D24BC84F4000D02B5 /* Info.plist */,
				1523BA1724BC84F4000D02B5 /* Preview Content */,
			);
			path = test_create_new_repository;
			sourceTree = "<group>";
		};
		1523BA1724BC84F4000D02B5 /* Preview Content */ = {
			isa = PBXGroup;
			children = (
				1523BA1824BC84F4000D02B5 /* Preview Assets.xcassets */,
			);
			path = "Preview Content";
			sourceTree = "<group>";
		};
		1523BA2524BC84F4000D02B5 /* test_create_new_repositoryTests */ = {
			isa = PBXGroup;
			children = (
				1523BA2624BC84F4000D02B5 /* test_create_new_repositoryTests.swift */,
				1523BA2824BC84F4000D02B5 /* Info.plist */,
			);
			path = test_create_new_repositoryTests;
			sourceTree = "<group>";
		};
		1523BA3024BC84F4000D02B5 /* test_create_new_repositoryUITests */ = {
			isa = PBXGroup;
			children = (
				1523BA3124BC84F4000D02B5 /* test_create_new_repositoryUITests.swift */,
				1523BA3324BC84F4000D02B5 /* Info.plist */,
			);
			path = test_create_new_repositoryUITests;
			sourceTree = "<group>";
		};
/* End PBXGroup section */

/* Begin PBXNativeTarget section */
		1523BA0B24BC84F1000D02B5 /* test_create_new_repository */ = {
			isa = PBXNativeTarget;
			buildConfigurationList = 1523BA3624BC84F4000D02B5 /* Build configuration list for PBXNativeTarget "test_create_new_repository" */;
			buildPhases = (
				1523BA0824BC84F1000D02B5 /* Sources */,
				1523BA0924BC84F1000D02B5 /* Frameworks */,
				1523BA0A24BC84F1000D02B5 /* Resources */,
			);
			buildRules = (
			);
			dependencies = (
			);
			name = test_create_new_repository;
			productName = test_create_new_repository;
			productReference = 1523BA0C24BC84F1000D02B5 /* test_create_new_repository.app */;
			productType = "com.apple.product-type.application";
		};
		1523BA2124BC84F4000D02B5 /* test_create_new_repositoryTests */ = {
			isa = PBXNativeTarget;
			buildConfigurationList = 1523BA3924BC84F4000D02B5 /* Build configuration list for PBXNativeTarget "test_create_new_repositoryTests" */;
			buildPhases = (
				1523BA1E24BC84F4000D02B5 /* Sources */,
				1523BA1F24BC84F4000D02B5 /* Frameworks */,
				1523BA2024BC84F4000D02B5 /* Resources */,
			);
			buildRules = (
			);
			dependencies = (
				1523BA2424BC84F4000D02B5 /* PBXTargetDependency */,
			);
			name = test_create_new_repositoryTests;
			productName = test_create_new_repositoryTests;
			productReference = 1523BA2224BC84F4000D02B5 /* test_create_new_repositoryTests.xctest */;
			productType = "com.apple.product-type.bundle.unit-test";
		};
		1523BA2C24BC84F4000D02B5 /* test_create_new_repositoryUITests */ = {
			isa = PBXNativeTarget;
			buildConfigurationList = 1523BA3C24BC84F4000D02B5 /* Build configuration list for PBXNativeTarget "test_create_new_repositoryUITests" */;
			buildPhases = (
				1523BA2924BC84F4000D02B5 /* Sources */,
				1523BA2A24BC84F4000D02B5 /* Frameworks */,
				1523BA2B24BC84F4000D02B5 /* Resources */,
			);
			buildRules = (
			);
			dependencies = (
				1523BA2F24BC84F4000D02B5 /* PBXTargetDependency */,
			);
			name = test_create_new_repositoryUITests;
			productName = test_create_new_repositoryUITests;
			productReference = 1523BA2D24BC84F4000D02B5 /* test_create_new_repositoryUITests.xctest */;
			productType = "com.apple.product-type.bundle.ui-testing";
		};
/* End PBXNativeTarget section */

/* Begin PBXProject section */
		1523BA0424BC84F1000D02B5 /* Project object */ = {
			isa = PBXProject;
			attributes = {
				LastSwiftUpdateCheck = 1150;
				LastUpgradeCheck = 1150;
				ORGANIZATIONNAME = kimsunhong;
				TargetAttributes = {
					1523BA0B24BC84F1000D02B5 = {
						CreatedOnToolsVersion = 11.5;
					};
					1523BA2124BC84F4000D02B5 = {
						CreatedOnToolsVersion = 11.5;
						TestTargetID = 1523BA0B24BC84F1000D02B5;
					};
					1523BA2C24BC84F4000D02B5 = {
						CreatedOnToolsVersion = 11.5;
						TestTargetID = 1523BA0B24BC84F1000D02B5;
					};
				};
			};
			buildConfigurationList = 1523BA0724BC84F1000D02B5 /* Build configuration list for PBXProject "test_create_new_repository" */;
			compatibilityVersion = "Xcode 9.3";
			developmentRegion = en;
			hasScannedForEncodings = 0;
			knownRegions = (
				en,
				Base,
			);
			mainGroup = 1523BA0324BC84F1000D02B5;
			productRefGroup = 1523BA0D24BC84F1000D02B5 /* Products */;
			projectDirPath = "";
			projectRoot = "";
			targets = (
				1523BA0B24BC84F1000D02B5 /* test_create_new_repository */,
				1523BA2124BC84F4000D02B5 /* test_create_new_repositoryTests */,
				1523BA2C24BC84F4000D02B5 /* test_create_new_repositoryUITests */,
			);
		};
/* End PBXProject section */

/* Begin PBXResourcesBuildPhase section */
		1523BA0A24BC84F1000D02B5 /* Resources */ = {
			isa = PBXResourcesBuildPhase;
			buildActionMask = 2147483647;
			files = (
				1523BA1C24BC84F4000D02B5 /* LaunchScreen.storyboard in Resources */,
				1523BA1924BC84F4000D02B5 /* Preview Assets.xcassets in Resources */,
				1523BA1624BC84F4000D02B5 /* Assets.xcassets in Resources */,
			);
			runOnlyForDeploymentPostprocessing = 0;
		};
		1523BA2024BC84F4000D02B5 /* Resources */ = {
			isa = PBXResourcesBuildPhase;
			buildActionMask = 2147483647;
			files = (
			);
			runOnlyForDeploymentPostprocessing = 0;
		};
		1523BA2B24BC84F4000D02B5 /* Resources */ = {
			isa = PBXResourcesBuildPhase;
			buildActionMask = 2147483647;
			files = (
			);
			runOnlyForDeploymentPostprocessing = 0;
		};
/* End PBXResourcesBuildPhase section */

/* Begin PBXSourcesBuildPhase section */
		1523BA0824BC84F1000D02B5 /* Sources */ = {
			isa = PBXSourcesBuildPhase;
			buildActionMask = 2147483647;
			files = (
				1523BA1024BC84F1000D02B5 /* AppDelegate.swift in Sources */,
				1523BA1224BC84F1000D02B5 /* SceneDelegate.swift in Sources */,
				1523BA1424BC84F1000D02B5 /* ContentView.swift in Sources */,
			);
			runOnlyForDeploymentPostprocessing = 0;
		};
		1523BA1E24BC84F4000D02B5 /* Sources */ = {
			isa = PBXSourcesBuildPhase;
			buildActionMask = 2147483647;
			files = (
				1523BA2724BC84F4000D02B5 /* test_create_new_repositoryTests.swift in Sources */,
			);
			runOnlyForDeploymentPostprocessing = 0;
		};
		1523BA2924BC84F4000D02B5 /* Sources */ = {
			isa = PBXSourcesBuildPhase;
			buildActionMask = 2147483647;
			files = (
				1523BA3224BC84F4000D02B5 /* test_create_new_repositoryUITests.swift in Sources */,
			);
			runOnlyForDeploymentPostprocessing = 0;
		};
/* End PBXSourcesBuildPhase section */

/* Begin PBXTargetDependency section */
		1523BA2424BC84F4000D02B5 /* PBXTargetDependency */ = {
			isa = PBXTargetDependency;
			target = 1523BA0B24BC84F1000D02B5 /* test_create_new_repository */;
			targetProxy = 1523BA2324BC84F4000D02B5 /* PBXContainerItemProxy */;
		};
		1523BA2F24BC84F4000D02B5 /* PBXTargetDependency */ = {
			isa = PBXTargetDependency;
			target = 1523BA0B24BC84F1000D02B5 /* test_create_new_repository */;
			targetProxy = 1523BA2E24BC84F4000D02B5 /* PBXContainerItemProxy */;
		};
/* End PBXTargetDependency section */

/* Begin PBXVariantGroup section */
		1523BA1A24BC84F4000D02B5 /* LaunchScreen.storyboard */ = {
			isa = PBXVariantGroup;
			children = (
				1523BA1B24BC84F4000D02B5 /* Base */,
			);
			name = LaunchScreen.storyboard;
			sourceTree = "<group>";
		};
/* End PBXVariantGroup section */

/* Begin XCBuildConfiguration section */
		1523BA3424BC84F4000D02B5 /* Debug */ = {
			isa = XCBuildConfiguration;
			buildSettings = {
				ALWAYS_SEARCH_USER_PATHS = NO;
				CLANG_ANALYZER_NONNULL = YES;
				CLANG_ANALYZER_NUMBER_OBJECT_CONVERSION = YES_AGGRESSIVE;
				CLANG_CXX_LANGUAGE_STANDARD = "gnu++14";
				CLANG_CXX_LIBRARY = "libc++";
				CLANG_ENABLE_MODULES = YES;
				CLANG_ENABLE_OBJC_ARC = YES;
				CLANG_ENABLE_OBJC_WEAK = YES;
				CLANG_WARN_BLOCK_CAPTURE_AUTORELEASING = YES;
				CLANG_WARN_BOOL_CONVERSION = YES;
				CLANG_WARN_COMMA = YES;
				CLANG_WARN_CONSTANT_CONVERSION = YES;
				CLANG_WARN_DEPRECATED_OBJC_IMPLEMENTATIONS = YES;
				CLANG_WARN_DIRECT_OBJC_ISA_USAGE = YES_ERROR;
				CLANG_WARN_DOCUMENTATION_COMMENTS = YES;
				CLANG_WARN_EMPTY_BODY = YES;
				CLANG_WARN_ENUM_CONVERSION = YES;
				CLANG_WARN_INFINITE_RECURSION = YES;
				CLANG_WARN_INT_CONVERSION = YES;
				CLANG_WARN_NON_LITERAL_NULL_CONVERSION = YES;
				CLANG_WARN_OBJC_IMPLICIT_RETAIN_SELF = YES;
				CLANG_WARN_OBJC_LITERAL_CONVERSION = YES;
				CLANG_WARN_OBJC_ROOT_CLASS = YES_ERROR;
				CLANG_WARN_RANGE_LOOP_ANALYSIS = YES;
				CLANG_WARN_STRICT_PROTOTYPES = YES;
				CLANG_WARN_SUSPICIOUS_MOVE = YES;
				CLANG_WARN_UNGUARDED_AVAILABILITY = YES_AGGRESSIVE;
				CLANG_WARN_UNREACHABLE_CODE = YES;
				CLANG_WARN__DUPLICATE_METHOD_MATCH = YES;
				COPY_PHASE_STRIP = NO;
				DEBUG_INFORMATION_FORMAT = dwarf;
				ENABLE_STRICT_OBJC_MSGSEND = YES;
				ENABLE_TESTABILITY = YES;
				GCC_C_LANGUAGE_STANDARD = gnu11;
				GCC_DYNAMIC_NO_PIC = NO;
				GCC_NO_COMMON_BLOCKS = YES;
				GCC_OPTIMIZATION_LEVEL = 0;
				GCC_PREPROCESSOR_DEFINITIONS = (
					"DEBUG=1",
					"$(inherited)",
				);
				GCC_WARN_64_TO_32_BIT_CONVERSION = YES;
				GCC_WARN_ABOUT_RETURN_TYPE = YES_ERROR;
				GCC_WARN_UNDECLARED_SELECTOR = YES;
				GCC_WARN_UNINITIALIZED_AUTOS = YES_AGGRESSIVE;
				GCC_WARN_UNUSED_FUNCTION = YES;
				GCC_WARN_UNUSED_VARIABLE = YES;
				IPHONEOS_DEPLOYMENT_TARGET = 13.5;
				MTL_ENABLE_DEBUG_INFO = INCLUDE_SOURCE;
				MTL_FAST_MATH = YES;
				ONLY_ACTIVE_ARCH = YES;
				SDKROOT = iphoneos;
				SWIFT_ACTIVE_COMPILATION_CONDITIONS = DEBUG;
				SWIFT_OPTIMIZATION_LEVEL = "-Onone";
			};
			name = Debug;
		};
		1523BA3524BC84F4000D02B5 /* Release */ = {
			isa = XCBuildConfiguration;
			buildSettings = {
				ALWAYS_SEARCH_USER_PATHS = NO;
				CLANG_ANALYZER_NONNULL = YES;
				CLANG_ANALYZER_NUMBER_OBJECT_CONVERSION = YES_AGGRESSIVE;
				CLANG_CXX_LANGUAGE_STANDARD = "gnu++14";
				CLANG_CXX_LIBRARY = "libc++";
				CLANG_ENABLE_MODULES = YES;
				CLANG_ENABLE_OBJC_ARC = YES;
				CLANG_ENABLE_OBJC_WEAK = YES;
				CLANG_WARN_BLOCK_CAPTURE_AUTORELEASING = YES;
				CLANG_WARN_BOOL_CONVERSION = YES;
				CLANG_WARN_COMMA = YES;
				CLANG_WARN_CONSTANT_CONVERSION = YES;
				CLANG_WARN_DEPRECATED_OBJC_IMPLEMENTATIONS = YES;
				CLANG_WARN_DIRECT_OBJC_ISA_USAGE = YES_ERROR;
				CLANG_WARN_DOCUMENTATION_COMMENTS = YES;
				CLANG_WARN_EMPTY_BODY = YES;
				CLANG_WARN_ENUM_CONVERSION = YES;
				CLANG_WARN_INFINITE_RECURSION = YES;
				CLANG_WARN_INT_CONVERSION = YES;
				CLANG_WARN_NON_LITERAL_NULL_CONVERSION = YES;
				CLANG_WARN_OBJC_IMPLICIT_RETAIN_SELF = YES;
				CLANG_WARN_OBJC_LITERAL_CONVERSION = YES;
				CLANG_WARN_OBJC_ROOT_CLASS = YES_ERROR;
				CLANG_WARN_RANGE_LOOP_ANALYSIS = YES;
				CLANG_WARN_STRICT_PROTOTYPES = YES;
				CLANG_WARN_SUSPICIOUS_MOVE = YES;
				CLANG_WARN_UNGUARDED_AVAILABILITY = YES_AGGRESSIVE;
				CLANG_WARN_UNREACHABLE_CODE = YES;
				CLANG_WARN__DUPLICATE_METHOD_MATCH = YES;
				COPY_PHASE_STRIP = NO;
				DEBUG_INFORMATION_FORMAT = "dwarf-with-dsym";
				ENABLE_NS_ASSERTIONS = NO;
				ENABLE_STRICT_OBJC_MSGSEND = YES;
				GCC_C_LANGUAGE_STANDARD = gnu11;
				GCC_NO_COMMON_BLOCKS = YES;
				GCC_WARN_64_TO_32_BIT_CONVERSION = YES;
				GCC_WARN_ABOUT_RETURN_TYPE = YES_ERROR;
				GCC_WARN_UNDECLARED_SELECTOR = YES;
				GCC_WARN_UNINITIALIZED_AUTOS = YES_AGGRESSIVE;
				GCC_WARN_UNUSED_FUNCTION = YES;
				GCC_WARN_UNUSED_VARIABLE = YES;
				IPHONEOS_DEPLOYMENT_TARGET = 13.5;
				MTL_ENABLE_DEBUG_INFO = NO;
				MTL_FAST_MATH = YES;
				SDKROOT = iphoneos;
				SWIFT_COMPILATION_MODE = wholemodule;
				SWIFT_OPTIMIZATION_LEVEL = "-O";
				VALIDATE_PRODUCT = YES;
			};
			name = Release;
		};
		1523BA3724BC84F4000D02B5 /* Debug */ = {
			isa = XCBuildConfiguration;
			buildSettings = {
				ASSETCATALOG_COMPILER_APPICON_NAME = AppIcon;
				CODE_SIGN_STYLE = Automatic;
				DEVELOPMENT_ASSET_PATHS = "\"test_create_new_repository/Preview Content\"";
				ENABLE_PREVIEWS = YES;
				INFOPLIST_FILE = test_create_new_repository/Info.plist;
				LD_RUNPATH_SEARCH_PATHS = (
					"$(inherited)",
					"@executable_path/Frameworks",
				);
				PRODUCT_BUNDLE_IDENTIFIER = "nemo.test-create-new-repository";
				PRODUCT_NAME = "$(TARGET_NAME)";
				SWIFT_VERSION = 5.0;
				TARGETED_DEVICE_FAMILY = "1,2";
			};
			name = Debug;
		};
		1523BA3824BC84F4000D02B5 /* Release */ = {
			isa = XCBuildConfiguration;
			buildSettings = {
				ASSETCATALOG_COMPILER_APPICON_NAME = AppIcon;
				CODE_SIGN_STYLE = Automatic;
				DEVELOPMENT_ASSET_PATHS = "\"test_create_new_repository/Preview Content\"";
				ENABLE_PREVIEWS = YES;
				INFOPLIST_FILE = test_create_new_repository/Info.plist;
				LD_RUNPATH_SEARCH_PATHS = (
					"$(inherited)",
					"@executable_path/Frameworks",
				);
				PRODUCT_BUNDLE_IDENTIFIER = "nemo.test-create-new-repository";
				PRODUCT_NAME = "$(TARGET_NAME)";
				SWIFT_VERSION = 5.0;
				TARGETED_DEVICE_FAMILY = "1,2";
			};
			name = Release;
		};
		1523BA3A24BC84F4000D02B5 /* Debug */ = {
			isa = XCBuildConfiguration;
			buildSettings = {
				ALWAYS_EMBED_SWIFT_STANDARD_LIBRARIES = YES;
				BUNDLE_LOADER = "$(TEST_HOST)";
				CODE_SIGN_STYLE = Automatic;
				INFOPLIST_FILE = test_create_new_repositoryTests/Info.plist;
				IPHONEOS_DEPLOYMENT_TARGET = 13.5;
				LD_RUNPATH_SEARCH_PATHS = (
					"$(inherited)",
					"@executable_path/Frameworks",
					"@loader_path/Frameworks",
				);
				PRODUCT_BUNDLE_IDENTIFIER = "nemo.test-create-new-repositoryTests";
				PRODUCT_NAME = "$(TARGET_NAME)";
				SWIFT_VERSION = 5.0;
				TARGETED_DEVICE_FAMILY = "1,2";
				TEST_HOST = "$(BUILT_PRODUCTS_DIR)/test_create_new_repository.app/test_create_new_repository";
			};
			name = Debug;
		};
		1523BA3B24BC84F4000D02B5 /* Release */ = {
			isa = XCBuildConfiguration;
			buildSettings = {
				ALWAYS_EMBED_SWIFT_STANDARD_LIBRARIES = YES;
				BUNDLE_LOADER = "$(TEST_HOST)";
				CODE_SIGN_STYLE = Automatic;
				INFOPLIST_FILE = test_create_new_repositoryTests/Info.plist;
				IPHONEOS_DEPLOYMENT_TARGET = 13.5;
				LD_RUNPATH_SEARCH_PATHS = (
					"$(inherited)",
					"@executable_path/Frameworks",
					"@loader_path/Frameworks",
				);
				PRODUCT_BUNDLE_IDENTIFIER = "nemo.test-create-new-repositoryTests";
				PRODUCT_NAME = "$(TARGET_NAME)";
				SWIFT_VERSION = 5.0;
				TARGETED_DEVICE_FAMILY = "1,2";
				TEST_HOST = "$(BUILT_PRODUCTS_DIR)/test_create_new_repository.app/test_create_new_repository";
			};
			name = Release;
		};
		1523BA3D24BC84F4000D02B5 /* Debug */ = {
			isa = XCBuildConfiguration;
			buildSettings = {
				ALWAYS_EMBED_SWIFT_STANDARD_LIBRARIES = YES;
				CODE_SIGN_STYLE = Automatic;
				INFOPLIST_FILE = test_create_new_repositoryUITests/Info.plist;
				LD_RUNPATH_SEARCH_PATHS = (
					"$(inherited)",
					"@executable_path/Frameworks",
					"@loader_path/Frameworks",
				);
				PRODUCT_BUNDLE_IDENTIFIER = "nemo.test-create-new-repositoryUITests";
				PRODUCT_NAME = "$(TARGET_NAME)";
				SWIFT_VERSION = 5.0;
				TARGETED_DEVICE_FAMILY = "1,2";
				TEST_TARGET_NAME = test_create_new_repository;
			};
			name = Debug;
		};
		1523BA3E24BC84F4000D02B5 /* Release */ = {
			isa = XCBuildConfiguration;
			buildSettings = {
				ALWAYS_EMBED_SWIFT_STANDARD_LIBRARIES = YES;
				CODE_SIGN_STYLE = Automatic;
				INFOPLIST_FILE = test_create_new_repositoryUITests/Info.plist;
				LD_RUNPATH_SEARCH_PATHS = (
					"$(inherited)",
					"@executable_path/Frameworks",
					"@loader_path/Frameworks",
				);
				PRODUCT_BUNDLE_IDENTIFIER = "nemo.test-create-new-repositoryUITests";
				PRODUCT_NAME = "$(TARGET_NAME)";
				SWIFT_VERSION = 5.0;
				TARGETED_DEVICE_FAMILY = "1,2";
				TEST_TARGET_NAME = test_create_new_repository;
			};
			name = Release;
		};
/* End XCBuildConfiguration section */

/* Begin XCConfigurationList section */
		1523BA0724BC84F1000D02B5 /* Build configuration list for PBXProject "test_create_new_repository" */ = {
			isa = XCConfigurationList;
			buildConfigurations = (
				1523BA3424BC84F4000D02B5 /* Debug */,
				1523BA3524BC84F4000D02B5 /* Release */,
			);
			defaultConfigurationIsVisible = 0;
			defaultConfigurationName = Release;
		};
		1523BA3624BC84F4000D02B5 /* Build configuration list for PBXNativeTarget "test_create_new_repository" */ = {
			isa = XCConfigurationList;
			buildConfigurations = (
				1523BA3724BC84F4000D02B5 /* Debug */,
				1523BA3824BC84F4000D02B5 /* Release */,
			);
			defaultConfigurationIsVisible = 0;
			defaultConfigurationName = Release;
		};
		1523BA3924BC84F4000D02B5 /* Build configuration list for PBXNativeTarget "test_create_new_repositoryTests" */ = {
			isa = XCConfigurationList;
			buildConfigurations = (
				1523BA3A24BC84F4000D02B5 /* Debug */,
				1523BA3B24BC84F4000D02B5 /* Release */,
			);
			defaultConfigurationIsVisible = 0;
			defaultConfigurationName = Release;
		};
		1523BA3C24BC84F4000D02B5 /* Build configuration list for PBXNativeTarget "test_create_new_repositoryUITests" */ = {
			isa = XCConfigurationList;
			buildConfigurations = (
				1523BA3D24BC84F4000D02B5 /* Debug */,
				1523BA3E24BC84F4000D02B5 /* Release */,
			);
			defaultConfigurationIsVisible = 0;
			defaultConfigurationName = Release;
		};
/* End XCConfigurationList section */
	};
	rootObject = 1523BA0424BC84F1000D02B5 /* Project object */;
}
